
Microsoft Visual Studio Solution File, Format Version 12.00
# Visual Studio Version 17
VisualStudioVersion = 17.7.34031.279
MinimumVisualStudioVersion = 10.0.40219.1
Project("{FAE04EC0-301F-11D3-BF4B-00C04F79EFBC}") = "Installation.API", "Installation.API\Installation.API.csproj", "{07BFC423-B7CA-4230-ACBD-19EF9665393E}"
EndProject
Project("{FAE04EC0-301F-11D3-BF4B-00C04F79EFBC}") = "Installation.Domain", "Installation.Domain\Installation.Domain.csproj", "{063DA528-5CD9-4455-8954-4EE10424A096}"
EndProject
Project("{FAE04EC0-301F-11D3-BF4B-00C04F79EFBC}") = "Installation.Service", "Installation.Service\Installation.Service.csproj", "{230D88B0-C3EF-4E0C-A8E8-DB2B2623DDBA}"
EndProject
Global
	GlobalSection(SolutionConfigurationPlatforms) = preSolution
		Debug|Any CPU = Debug|Any CPU
		Release|Any CPU = Release|Any CPU
	EndGlobalSection
	GlobalSection(ProjectConfigurationPlatforms) = postSolution
		{07BFC423-B7CA-4230-ACBD-19EF9665393E}.Debug|Any CPU.ActiveCfg = Debug|Any CPU
		{07BFC423-B7CA-4230-ACBD-19EF9665393E}.Debug|Any CPU.Build.0 = Debug|Any CPU
		{07BFC423-B7CA-4230-ACBD-19EF9665393E}.Release|Any CPU.ActiveCfg = Release|Any CPU
		{07BFC423-B7CA-4230-ACBD-19EF9665393E}.Release|Any CPU.Build.0 = Release|Any CPU
		{063DA528-5CD9-4455-8954-4EE10424A096}.Debug|Any CPU.ActiveCfg = Debug|Any CPU
		{063DA528-5CD9-4455-8954-4EE10424A096}.Debug|Any CPU.Build.0 = Debug|Any CPU
		{063DA528-5CD9-4455-8954-4EE10424A096}.Release|Any CPU.ActiveCfg = Release|Any CPU
		{063DA528-5CD9-4455-8954-4EE10424A096}.Release|Any CPU.Build.0 = Release|Any CPU
		{230D88B0-C3EF-4E0C-A8E8-DB2B2623DDBA}.Debug|Any CPU.ActiveCfg = Debug|Any CPU
		{230D88B0-C3EF-4E0C-A8E8-DB2B2623DDBA}.Debug|Any CPU.Build.0 = Debug|Any CPU
		{230D88B0-C3EF-4E0C-A8E8-DB2B2623DDBA}.Release|Any CPU.ActiveCfg = Release|Any CPU
		{230D88B0-C3EF-4E0C-A8E8-DB2B2623DDBA}.Release|Any CPU.Build.0 = Release|Any CPU
	EndGlobalSection
	GlobalSection(SolutionProperties) = preSolution
		HideSolutionNode = FALSE
	EndGlobalSection
	GlobalSection(ExtensibilityGlobals) = postSolution
		SolutionGuid = {BC5AD8B5-EB54-474E-96BB-309D2F66F24D}
	EndGlobalSection
EndGlobal
